// !$*UTF8*$!
{
	archiveVersion = 1;
	classes = {
	};
	objectVersion = 46;
	objects = {

/* Begin PBXBuildFile section */
		4C1542E6174437C900456701 /* Localizable.strings in Resources */ = {isa = PBXBuildFile; fileRef = 4C1542E8174437C900456701 /* Localizable.strings */; };
		4C376288172C352700113F50 /* UIKit.framework in Frameworks */ = {isa = PBXBuildFile; fileRef = 4C376287172C352700113F50 /* UIKit.framework */; };
		4C37628A172C352700113F50 /* Foundation.framework in Frameworks */ = {isa = PBXBuildFile; fileRef = 4C376289172C352700113F50 /* Foundation.framework */; };
		4C37628C172C352700113F50 /* CoreGraphics.framework in Frameworks */ = {isa = PBXBuildFile; fileRef = 4C37628B172C352700113F50 /* CoreGraphics.framework */; };
		4C376292172C352700113F50 /* InfoPlist.strings in Resources */ = {isa = PBXBuildFile; fileRef = 4C376290172C352700113F50 /* InfoPlist.strings */; };
		4C376294172C352700113F50 /* main.m in Sources */ = {isa = PBXBuildFile; fileRef = 4C376293172C352700113F50 /* main.m */; };
		4C376298172C352700113F50 /* AppDelegate.m in Sources */ = {isa = PBXBuildFile; fileRef = 4C376297172C352700113F50 /* AppDelegate.m */; };
		4C37629A172C352700113F50 /* Default.png in Resources */ = {isa = PBXBuildFile; fileRef = 4C376299172C352700113F50 /* Default.png */; };
		4C37629C172C352700113F50 /* Default@2x.png in Resources */ = {isa = PBXBuildFile; fileRef = 4C37629B172C352700113F50 /* Default@2x.png */; };
		4C37629E172C352700113F50 /* Default-568h@2x.png in Resources */ = {isa = PBXBuildFile; fileRef = 4C37629D172C352700113F50 /* Default-568h@2x.png */; };
		4C3762A1172C352700113F50 /* ViewController.m in Sources */ = {isa = PBXBuildFile; fileRef = 4C3762A0172C352700113F50 /* ViewController.m */; };
		4C3762A4172C352700113F50 /* ViewController.xib in Resources */ = {isa = PBXBuildFile; fileRef = 4C3762A2172C352700113F50 /* ViewController.xib */; };
		4C7F1E111742A56600A42CE9 /* Departure.m in Sources */ = {isa = PBXBuildFile; fileRef = 4C7F1E101742A56600A42CE9 /* Departure.m */; };
		4C7F1E131742D2C000A42CE9 /* icon@2x.png in Resources */ = {isa = PBXBuildFile; fileRef = 4C7F1E121742D2C000A42CE9 /* icon@2x.png */; };
		4C7F1E151742D2C300A42CE9 /* icon.png in Resources */ = {isa = PBXBuildFile; fileRef = 4C7F1E141742D2C300A42CE9 /* icon.png */; };
		4C98A283172C721F00BF64D4 /* CoreLocation.framework in Frameworks */ = {isa = PBXBuildFile; fileRef = 4C98A282172C721F00BF64D4 /* CoreLocation.framework */; };
		4C98A285172C72F500BF64D4 /* libsqlite3.dylib in Frameworks */ = {isa = PBXBuildFile; fileRef = 4C98A284172C72F500BF64D4 /* libsqlite3.dylib */; };
		4C98A286172C731900BF64D4 /* StopCell.m in Sources */ = {isa = PBXBuildFile; fileRef = 4CE1D3C4172C64EC0090BFA6 /* StopCell.m */; };
		4C98A28A172C7F3100BF64D4 /* StopCell.xib in Resources */ = {isa = PBXBuildFile; fileRef = 4C98A28C172C7F3100BF64D4 /* StopCell.xib */; };
		4C9F4F501730988500D13170 /* realtime.sqlite in Resources */ = {isa = PBXBuildFile; fileRef = 4C9F4F4F1730985500D13170 /* realtime.sqlite */; };
		4CB70EB7172F4762000F41E7 /* libxml2.2.dylib in Frameworks */ = {isa = PBXBuildFile; fileRef = 4CB70EB6172F4762000F41E7 /* libxml2.2.dylib */; };
		4CF0E1DD173842CD00AAF533 /* bus.png in Resources */ = {isa = PBXBuildFile; fileRef = 4CF0E1D5173842CD00AAF533 /* bus.png */; };
		4CF0E1DE173842CD00AAF533 /* bus@2x.png in Resources */ = {isa = PBXBuildFile; fileRef = 4CF0E1D6173842CD00AAF533 /* bus@2x.png */; };
		4CF0E1DF173842CD00AAF533 /* subway.png in Resources */ = {isa = PBXBuildFile; fileRef = 4CF0E1D7173842CD00AAF533 /* subway.png */; };
		4CF0E1E0173842CD00AAF533 /* subway@2x.png in Resources */ = {isa = PBXBuildFile; fileRef = 4CF0E1D8173842CD00AAF533 /* subway@2x.png */; };
		4CF0E1E1173842CD00AAF533 /* train.png in Resources */ = {isa = PBXBuildFile; fileRef = 4CF0E1D9173842CD00AAF533 /* train.png */; };
		4CF0E1E2173842CD00AAF533 /* train@2x.png in Resources */ = {isa = PBXBuildFile; fileRef = 4CF0E1DA173842CD00AAF533 /* train@2x.png */; };
		4CF0E1E3173842CD00AAF533 /* tram.png in Resources */ = {isa = PBXBuildFile; fileRef = 4CF0E1DB173842CD00AAF533 /* tram.png */; };
		4CF0E1E4173842CD00AAF533 /* tram@2x.png in Resources */ = {isa = PBXBuildFile; fileRef = 4CF0E1DC173842CD00AAF533 /* tram@2x.png */; };
		4CF0E1E5173842F000AAF533 /* XPathQuery.m in Sources */ = {isa = PBXBuildFile; fileRef = 4CF0E1D41738423000AAF533 /* XPathQuery.m */; };
		4CF2E182173FF5530065499E /* Util.m in Sources */ = {isa = PBXBuildFile; fileRef = 4CF2E181173FF5530065499E /* Util.m */; };
		4CF2E184174021EE0065499E /* StopDatabase.m in Sources */ = {isa = PBXBuildFile; fileRef = 4CF2E183174021EE0065499E /* StopDatabase.m */; };
		4CF2E186174022550065499E /* Stop.m in Sources */ = {isa = PBXBuildFile; fileRef = 4CF2E185174022550065499E /* Stop.m */; };
/* End PBXBuildFile section */

/* Begin PBXFileReference section */
		4C1542E517442BD000456701 /* sv */ = {isa = PBXFileReference; lastKnownFileType = text.plist.strings; name = sv; path = sv.lproj/InfoPlist.strings; sourceTree = "<group>"; };
		4C1542E7174437C900456701 /* en */ = {isa = PBXFileReference; lastKnownFileType = file; name = en; path = en.lproj/Localizable.strings; sourceTree = "<group>"; };
		4C1542E9174437CF00456701 /* sv */ = {isa = PBXFileReference; lastKnownFileType = file; name = sv; path = sv.lproj/Localizable.strings; sourceTree = "<group>"; };
		4C376284172C352700113F50 /* Realtid.app */ = {isa = PBXFileReference; explicitFileType = wrapper.application; includeInIndex = 0; path = Realtid.app; sourceTree = BUILT_PRODUCTS_DIR; };
		4C376287172C352700113F50 /* UIKit.framework */ = {isa = PBXFileReference; lastKnownFileType = wrapper.framework; name = UIKit.framework; path = System/Library/Frameworks/UIKit.framework; sourceTree = SDKROOT; };
		4C376289172C352700113F50 /* Foundation.framework */ = {isa = PBXFileReference; lastKnownFileType = wrapper.framework; name = Foundation.framework; path = System/Library/Frameworks/Foundation.framework; sourceTree = SDKROOT; };
		4C37628B172C352700113F50 /* CoreGraphics.framework */ = {isa = PBXFileReference; lastKnownFileType = wrapper.framework; name = CoreGraphics.framework; path = System/Library/Frameworks/CoreGraphics.framework; sourceTree = SDKROOT; };
		4C37628F172C352700113F50 /* Realtid-Info.plist */ = {isa = PBXFileReference; lastKnownFileType = text.plist.xml; path = "Realtid-Info.plist"; sourceTree = "<group>"; };
		4C376291172C352700113F50 /* en */ = {isa = PBXFileReference; lastKnownFileType = text.plist.strings; name = en; path = en.lproj/InfoPlist.strings; sourceTree = "<group>"; };
		4C376293172C352700113F50 /* main.m */ = {isa = PBXFileReference; lastKnownFileType = sourcecode.c.objc; path = main.m; sourceTree = "<group>"; };
		4C376295172C352700113F50 /* Realtid-Prefix.pch */ = {isa = PBXFileReference; lastKnownFileType = sourcecode.c.h; path = "Realtid-Prefix.pch"; sourceTree = "<group>"; };
		4C376296172C352700113F50 /* AppDelegate.h */ = {isa = PBXFileReference; lastKnownFileType = sourcecode.c.h; path = AppDelegate.h; sourceTree = "<group>"; };
		4C376297172C352700113F50 /* AppDelegate.m */ = {isa = PBXFileReference; lastKnownFileType = sourcecode.c.objc; path = AppDelegate.m; sourceTree = "<group>"; };
		4C376299172C352700113F50 /* Default.png */ = {isa = PBXFileReference; lastKnownFileType = image.png; path = Default.png; sourceTree = "<group>"; };
		4C37629B172C352700113F50 /* Default@2x.png */ = {isa = PBXFileReference; lastKnownFileType = image.png; path = "Default@2x.png"; sourceTree = "<group>"; };
		4C37629D172C352700113F50 /* Default-568h@2x.png */ = {isa = PBXFileReference; lastKnownFileType = image.png; path = "Default-568h@2x.png"; sourceTree = "<group>"; };
		4C37629F172C352700113F50 /* ViewController.h */ = {isa = PBXFileReference; lastKnownFileType = sourcecode.c.h; path = ViewController.h; sourceTree = "<group>"; };
		4C3762A0172C352700113F50 /* ViewController.m */ = {isa = PBXFileReference; lastKnownFileType = sourcecode.c.objc; path = ViewController.m; sourceTree = "<group>"; };
		4C3762A3172C352700113F50 /* en */ = {isa = PBXFileReference; lastKnownFileType = file.xib; name = en; path = en.lproj/ViewController.xib; sourceTree = "<group>"; };
		4C7F1E0F1742A56600A42CE9 /* Departure.h */ = {isa = PBXFileReference; fileEncoding = 4; lastKnownFileType = sourcecode.c.h; path = Departure.h; sourceTree = "<group>"; };
		4C7F1E101742A56600A42CE9 /* Departure.m */ = {isa = PBXFileReference; fileEncoding = 4; lastKnownFileType = sourcecode.c.objc; path = Departure.m; sourceTree = "<group>"; };
		4C7F1E121742D2C000A42CE9 /* icon@2x.png */ = {isa = PBXFileReference; lastKnownFileType = image.png; name = "icon@2x.png"; path = "../icon@2x.png"; sourceTree = "<group>"; };
		4C7F1E141742D2C300A42CE9 /* icon.png */ = {isa = PBXFileReference; lastKnownFileType = image.png; name = icon.png; path = ../icon.png; sourceTree = "<group>"; };
		4C98A282172C721F00BF64D4 /* CoreLocation.framework */ = {isa = PBXFileReference; lastKnownFileType = wrapper.framework; name = CoreLocation.framework; path = System/Library/Frameworks/CoreLocation.framework; sourceTree = SDKROOT; };
		4C98A284172C72F500BF64D4 /* libsqlite3.dylib */ = {isa = PBXFileReference; lastKnownFileType = "compiled.mach-o.dylib"; name = libsqlite3.dylib; path = usr/lib/libsqlite3.dylib; sourceTree = SDKROOT; };
		4C98A28B172C7F3100BF64D4 /* en */ = {isa = PBXFileReference; lastKnownFileType = file.xib; name = en; path = en.lproj/StopCell.xib; sourceTree = "<group>"; };
		4C9F4F4F1730985500D13170 /* realtime.sqlite */ = {isa = PBXFileReference; lastKnownFileType = file; path = realtime.sqlite; sourceTree = "<group>"; };
		4CB70EB6172F4762000F41E7 /* libxml2.2.dylib */ = {isa = PBXFileReference; lastKnownFileType = "compiled.mach-o.dylib"; name = libxml2.2.dylib; path = usr/lib/libxml2.2.dylib; sourceTree = SDKROOT; };
		4CE1D3BE172C53F10090BFA6 /* StopDatabase.h */ = {isa = PBXFileReference; lastKnownFileType = sourcecode.c.h; path = StopDatabase.h; sourceTree = "<group>"; };
		4CE1D3C1172C646D0090BFA6 /* Stop.h */ = {isa = PBXFileReference; lastKnownFileType = sourcecode.c.h; path = Stop.h; sourceTree = "<group>"; };
		4CE1D3C3172C64EC0090BFA6 /* StopCell.h */ = {isa = PBXFileReference; lastKnownFileType = sourcecode.c.h; path = StopCell.h; sourceTree = "<group>"; };
		4CE1D3C4172C64EC0090BFA6 /* StopCell.m */ = {isa = PBXFileReference; lastKnownFileType = sourcecode.c.objc; path = StopCell.m; sourceTree = "<group>"; };
		4CF0E1D31738423000AAF533 /* XPathQuery.h */ = {isa = PBXFileReference; lastKnownFileType = sourcecode.c.h; path = XPathQuery.h; sourceTree = "<group>"; };
		4CF0E1D41738423000AAF533 /* XPathQuery.m */ = {isa = PBXFileReference; lastKnownFileType = sourcecode.c.objc; path = XPathQuery.m; sourceTree = "<group>"; };
		4CF0E1D5173842CD00AAF533 /* bus.png */ = {isa = PBXFileReference; lastKnownFileType = image.png; name = bus.png; path = Images/bus.png; sourceTree = "<group>"; };
		4CF0E1D6173842CD00AAF533 /* bus@2x.png */ = {isa = PBXFileReference; lastKnownFileType = image.png; name = "bus@2x.png"; path = "Images/bus@2x.png"; sourceTree = "<group>"; };
		4CF0E1D7173842CD00AAF533 /* subway.png */ = {isa = PBXFileReference; lastKnownFileType = image.png; name = subway.png; path = Images/subway.png; sourceTree = "<group>"; };
		4CF0E1D8173842CD00AAF533 /* subway@2x.png */ = {isa = PBXFileReference; lastKnownFileType = image.png; name = "subway@2x.png"; path = "Images/subway@2x.png"; sourceTree = "<group>"; };
		4CF0E1D9173842CD00AAF533 /* train.png */ = {isa = PBXFileReference; lastKnownFileType = image.png; name = train.png; path = Images/train.png; sourceTree = "<group>"; };
		4CF0E1DA173842CD00AAF533 /* train@2x.png */ = {isa = PBXFileReference; lastKnownFileType = image.png; name = "train@2x.png"; path = "Images/train@2x.png"; sourceTree = "<group>"; };
		4CF0E1DB173842CD00AAF533 /* tram.png */ = {isa = PBXFileReference; lastKnownFileType = image.png; name = tram.png; path = Images/tram.png; sourceTree = "<group>"; };
		4CF0E1DC173842CD00AAF533 /* tram@2x.png */ = {isa = PBXFileReference; lastKnownFileType = image.png; name = "tram@2x.png"; path = "Images/tram@2x.png"; sourceTree = "<group>"; };
		4CF2E180173FF5530065499E /* Util.h */ = {isa = PBXFileReference; fileEncoding = 4; lastKnownFileType = sourcecode.c.h; path = Util.h; sourceTree = "<group>"; };
		4CF2E181173FF5530065499E /* Util.m */ = {isa = PBXFileReference; fileEncoding = 4; lastKnownFileType = sourcecode.c.objc; path = Util.m; sourceTree = "<group>"; };
		4CF2E183174021EE0065499E /* StopDatabase.m */ = {isa = PBXFileReference; fileEncoding = 4; lastKnownFileType = sourcecode.c.objc; path = StopDatabase.m; sourceTree = "<group>"; };
		4CF2E185174022550065499E /* Stop.m */ = {isa = PBXFileReference; fileEncoding = 4; lastKnownFileType = sourcecode.c.objc; path = Stop.m; sourceTree = "<group>"; };
/* End PBXFileReference section */

/* Begin PBXFrameworksBuildPhase section */
		4C376281172C352700113F50 /* Frameworks */ = {
			isa = PBXFrameworksBuildPhase;
			buildActionMask = 2147483647;
			files = (
				4CB70EB7172F4762000F41E7 /* libxml2.2.dylib in Frameworks */,
				4C98A285172C72F500BF64D4 /* libsqlite3.dylib in Frameworks */,
				4C98A283172C721F00BF64D4 /* CoreLocation.framework in Frameworks */,
				4C376288172C352700113F50 /* UIKit.framework in Frameworks */,
				4C37628A172C352700113F50 /* Foundation.framework in Frameworks */,
				4C37628C172C352700113F50 /* CoreGraphics.framework in Frameworks */,
			);
			runOnlyForDeploymentPostprocessing = 0;
		};
/* End PBXFrameworksBuildPhase section */

/* Begin PBXGroup section */
		4C0BAC2D1732F26E0011E3BA /* Images */ = {
			isa = PBXGroup;
			children = (
				4CF0E1D5173842CD00AAF533 /* bus.png */,
				4CF0E1D6173842CD00AAF533 /* bus@2x.png */,
				4CF0E1D7173842CD00AAF533 /* subway.png */,
				4CF0E1D8173842CD00AAF533 /* subway@2x.png */,
				4CF0E1D9173842CD00AAF533 /* train.png */,
				4CF0E1DA173842CD00AAF533 /* train@2x.png */,
				4CF0E1DB173842CD00AAF533 /* tram.png */,
				4CF0E1DC173842CD00AAF533 /* tram@2x.png */,
			);
			name = Images;
			sourceTree = "<group>";
		};
		4C37627B172C352700113F50 = {
			isa = PBXGroup;
			children = (
				4C37628D172C352700113F50 /* Realtid */,
				4C376286172C352700113F50 /* Frameworks */,
				4C376285172C352700113F50 /* Products */,
			);
			sourceTree = "<group>";
		};
		4C376285172C352700113F50 /* Products */ = {
			isa = PBXGroup;
			children = (
				4C376284172C352700113F50 /* Realtid.app */,
			);
			name = Products;
			sourceTree = "<group>";
		};
		4C376286172C352700113F50 /* Frameworks */ = {
			isa = PBXGroup;
			children = (
				4CB70EB6172F4762000F41E7 /* libxml2.2.dylib */,
				4C98A284172C72F500BF64D4 /* libsqlite3.dylib */,
				4C98A282172C721F00BF64D4 /* CoreLocation.framework */,
				4C376287172C352700113F50 /* UIKit.framework */,
				4C376289172C352700113F50 /* Foundation.framework */,
				4C37628B172C352700113F50 /* CoreGraphics.framework */,
			);
			name = Frameworks;
			sourceTree = "<group>";
		};
		4C37628D172C352700113F50 /* Realtid */ = {
			isa = PBXGroup;
			children = (
				4C7F1E0E1742A54A00A42CE9 /* Types */,
				4CF0E1D31738423000AAF533 /* XPathQuery.h */,
				4CF0E1D41738423000AAF533 /* XPathQuery.m */,
				4CF2E180173FF5530065499E /* Util.h */,
				4CF2E181173FF5530065499E /* Util.m */,
				4C9F4F4F1730985500D13170 /* realtime.sqlite */,
				4CE1D3C3172C64EC0090BFA6 /* StopCell.h */,
				4CE1D3C4172C64EC0090BFA6 /* StopCell.m */,
				4CE1D3BE172C53F10090BFA6 /* StopDatabase.h */,
				4CF2E183174021EE0065499E /* StopDatabase.m */,
				4C376296172C352700113F50 /* AppDelegate.h */,
				4C376297172C352700113F50 /* AppDelegate.m */,
				4C37629F172C352700113F50 /* ViewController.h */,
				4C3762A0172C352700113F50 /* ViewController.m */,
				4C3762A2172C352700113F50 /* ViewController.xib */,
				4C98A28C172C7F3100BF64D4 /* StopCell.xib */,
				4C37628E172C352700113F50 /* Supporting Files */,
			);
			path = Realtid;
			sourceTree = "<group>";
		};
		4C37628E172C352700113F50 /* Supporting Files */ = {
			isa = PBXGroup;
			children = (
				4C1542E8174437C900456701 /* Localizable.strings */,
				4C37628F172C352700113F50 /* Realtid-Info.plist */,
				4C376290172C352700113F50 /* InfoPlist.strings */,
				4C376293172C352700113F50 /* main.m */,
				4C376295172C352700113F50 /* Realtid-Prefix.pch */,
				4C7F1E141742D2C300A42CE9 /* icon.png */,
				4C7F1E121742D2C000A42CE9 /* icon@2x.png */,
				4C376299172C352700113F50 /* Default.png */,
				4C37629B172C352700113F50 /* Default@2x.png */,
				4C37629D172C352700113F50 /* Default-568h@2x.png */,
				4C0BAC2D1732F26E0011E3BA /* Images */,
			);
			name = "Supporting Files";
			sourceTree = "<group>";
		};
		4C7F1E0E1742A54A00A42CE9 /* Types */ = {
			isa = PBXGroup;
			children = (
				4CE1D3C1172C646D0090BFA6 /* Stop.h */,
				4CF2E185174022550065499E /* Stop.m */,
				4C7F1E0F1742A56600A42CE9 /* Departure.h */,
				4C7F1E101742A56600A42CE9 /* Departure.m */,
			);
			name = Types;
			sourceTree = "<group>";
		};
/* End PBXGroup section */

/* Begin PBXNativeTarget section */
		4C376283172C352700113F50 /* Realtid */ = {
			isa = PBXNativeTarget;
			buildConfigurationList = 4C3762A7172C352700113F50 /* Build configuration list for PBXNativeTarget "Realtid" */;
			buildPhases = (
				4C376280172C352700113F50 /* Sources */,
				4C376281172C352700113F50 /* Frameworks */,
				4C376282172C352700113F50 /* Resources */,
			);
			buildRules = (
			);
			dependencies = (
			);
			name = Realtid;
			productName = Realtid;
			productReference = 4C376284172C352700113F50 /* Realtid.app */;
			productType = "com.apple.product-type.application";
		};
/* End PBXNativeTarget section */

/* Begin PBXProject section */
		4C37627C172C352700113F50 /* Project object */ = {
			isa = PBXProject;
			attributes = {
				LastUpgradeCheck = 0460;
				ORGANIZATIONNAME = "Robert Olsson";
			};
			buildConfigurationList = 4C37627F172C352700113F50 /* Build configuration list for PBXProject "Realtid" */;
			compatibilityVersion = "Xcode 3.2";
			developmentRegion = English;
			hasScannedForEncodings = 0;
			knownRegions = (
				en,
				sv,
			);
			mainGroup = 4C37627B172C352700113F50;
			productRefGroup = 4C376285172C352700113F50 /* Products */;
			projectDirPath = "";
			projectRoot = "";
			targets = (
				4C376283172C352700113F50 /* Realtid */,
			);
		};
/* End PBXProject section */

/* Begin PBXResourcesBuildPhase section */
		4C376282172C352700113F50 /* Resources */ = {
			isa = PBXResourcesBuildPhase;
			buildActionMask = 2147483647;
			files = (
				4C9F4F501730988500D13170 /* realtime.sqlite in Resources */,
				4C376292172C352700113F50 /* InfoPlist.strings in Resources */,
				4C37629A172C352700113F50 /* Default.png in Resources */,
				4C37629C172C352700113F50 /* Default@2x.png in Resources */,
				4C37629E172C352700113F50 /* Default-568h@2x.png in Resources */,
				4C3762A4172C352700113F50 /* ViewController.xib in Resources */,
				4C98A28A172C7F3100BF64D4 /* StopCell.xib in Resources */,
				4CF0E1DD173842CD00AAF533 /* bus.png in Resources */,
				4CF0E1DE173842CD00AAF533 /* bus@2x.png in Resources */,
				4CF0E1DF173842CD00AAF533 /* subway.png in Resources */,
				4CF0E1E0173842CD00AAF533 /* subway@2x.png in Resources */,
				4CF0E1E1173842CD00AAF533 /* train.png in Resources */,
				4CF0E1E2173842CD00AAF533 /* train@2x.png in Resources */,
				4CF0E1E3173842CD00AAF533 /* tram.png in Resources */,
				4CF0E1E4173842CD00AAF533 /* tram@2x.png in Resources */,
				4C7F1E131742D2C000A42CE9 /* icon@2x.png in Resources */,
				4C7F1E151742D2C300A42CE9 /* icon.png in Resources */,
				4C1542E6174437C900456701 /* Localizable.strings in Resources */,
			);
			runOnlyForDeploymentPostprocessing = 0;
		};
/* End PBXResourcesBuildPhase section */

/* Begin PBXSourcesBuildPhase section */
		4C376280172C352700113F50 /* Sources */ = {
			isa = PBXSourcesBuildPhase;
			buildActionMask = 2147483647;
			files = (
				4CF0E1E5173842F000AAF533 /* XPathQuery.m in Sources */,
				4C98A286172C731900BF64D4 /* StopCell.m in Sources */,
				4C376294172C352700113F50 /* main.m in Sources */,
				4C376298172C352700113F50 /* AppDelegate.m in Sources */,
				4C3762A1172C352700113F50 /* ViewController.m in Sources */,
				4CF2E182173FF5530065499E /* Util.m in Sources */,
				4CF2E184174021EE0065499E /* StopDatabase.m in Sources */,
				4CF2E186174022550065499E /* Stop.m in Sources */,
				4C7F1E111742A56600A42CE9 /* Departure.m in Sources */,
			);
			runOnlyForDeploymentPostprocessing = 0;
		};
/* End PBXSourcesBuildPhase section */

/* Begin PBXVariantGroup section */
		4C1542E8174437C900456701 /* Localizable.strings */ = {
			isa = PBXVariantGroup;
			children = (
				4C1542E7174437C900456701 /* en */,
				4C1542E9174437CF00456701 /* sv */,
			);
			name = Localizable.strings;
			path = ..;
			sourceTree = "<group>";
		};
		4C376290172C352700113F50 /* InfoPlist.strings */ = {
			isa = PBXVariantGroup;
			children = (
				4C376291172C352700113F50 /* en */,
				4C1542E517442BD000456701 /* sv */,
			);
			name = InfoPlist.strings;
			sourceTree = "<group>";
		};
		4C3762A2172C352700113F50 /* ViewController.xib */ = {
			isa = PBXVariantGroup;
			children = (
				4C3762A3172C352700113F50 /* en */,
			);
			name = ViewController.xib;
			sourceTree = "<group>";
		};
		4C98A28C172C7F3100BF64D4 /* StopCell.xib */ = {
			isa = PBXVariantGroup;
			children = (
				4C98A28B172C7F3100BF64D4 /* en */,
			);
			name = StopCell.xib;
			sourceTree = "<group>";
		};
/* End PBXVariantGroup section */

/* Begin XCBuildConfiguration section */
		4C3762A5172C352700113F50 /* Debug */ = {
			isa = XCBuildConfiguration;
			buildSettings = {
				ALWAYS_SEARCH_USER_PATHS = NO;
				CLANG_CXX_LANGUAGE_STANDARD = "gnu++0x";
				CLANG_CXX_LIBRARY = "libc++";
				CLANG_ENABLE_OBJC_ARC = YES;
				CLANG_WARN_CONSTANT_CONVERSION = YES;
				CLANG_WARN_EMPTY_BODY = YES;
				CLANG_WARN_ENUM_CONVERSION = YES;
				CLANG_WARN_INT_CONVERSION = YES;
				CLANG_WARN__DUPLICATE_METHOD_MATCH = YES;
				CODE_SIGN_IDENTITY = "iPhone Developer";
				"CODE_SIGN_IDENTITY[sdk=iphoneos*]" = "iPhone Developer";
				COPY_PHASE_STRIP = NO;
				GCC_C_LANGUAGE_STANDARD = gnu99;
				GCC_DYNAMIC_NO_PIC = NO;
				GCC_OPTIMIZATION_LEVEL = 0;
				GCC_PREPROCESSOR_DEFINITIONS = (
					"DEBUG=1",
					"$(inherited)",
				);
				GCC_SYMBOLS_PRIVATE_EXTERN = NO;
				GCC_WARN_ABOUT_RETURN_TYPE = YES;
				GCC_WARN_UNINITIALIZED_AUTOS = YES;
				GCC_WARN_UNUSED_VARIABLE = YES;
				IPHONEOS_DEPLOYMENT_TARGET = 6.1;
				ONLY_ACTIVE_ARCH = YES;
				PROVISIONING_PROFILE = "";
				SDKROOT = iphoneos;
			};
			name = Debug;
		};
		4C3762A6172C352700113F50 /* Release */ = {
			isa = XCBuildConfiguration;
			buildSettings = {
				ALWAYS_SEARCH_USER_PATHS = NO;
				CLANG_CXX_LANGUAGE_STANDARD = "gnu++0x";
				CLANG_CXX_LIBRARY = "libc++";
				CLANG_ENABLE_OBJC_ARC = YES;
				CLANG_WARN_CONSTANT_CONVERSION = YES;
				CLANG_WARN_EMPTY_BODY = YES;
				CLANG_WARN_ENUM_CONVERSION = YES;
				CLANG_WARN_INT_CONVERSION = YES;
				CLANG_WARN__DUPLICATE_METHOD_MATCH = YES;
				CODE_SIGN_IDENTITY = "iPhone Developer";
				"CODE_SIGN_IDENTITY[sdk=iphoneos*]" = "iPhone Developer";
				COPY_PHASE_STRIP = YES;
				GCC_C_LANGUAGE_STANDARD = gnu99;
				GCC_WARN_ABOUT_RETURN_TYPE = YES;
				GCC_WARN_UNINITIALIZED_AUTOS = YES;
				GCC_WARN_UNUSED_VARIABLE = YES;
				IPHONEOS_DEPLOYMENT_TARGET = 6.1;
				OTHER_CFLAGS = "-DNS_BLOCK_ASSERTIONS=1";
				PROVISIONING_PROFILE = "";
				SDKROOT = iphoneos;
				VALIDATE_PRODUCT = YES;
			};
			name = Release;
		};
		4C3762A8172C352700113F50 /* Debug */ = {
			isa = XCBuildConfiguration;
			buildSettings = {
				CODE_SIGN_IDENTITY = "iPhone Developer";
				GCC_PRECOMPILE_PREFIX_HEADER = YES;
				GCC_PREFIX_HEADER = "Realtid/Realtid-Prefix.pch";
				HEADER_SEARCH_PATHS = "$(SDKROOT)/usr/include/libxml2";
				INFOPLIST_FILE = "Realtid/Realtid-Info.plist";
				IPHONEOS_DEPLOYMENT_TARGET = 6.1;
				PRODUCT_NAME = "$(TARGET_NAME)";
				PROVISIONING_PROFILE = "";
				WRAPPER_EXTENSION = app;
			};
			name = Debug;
		};
		4C3762A9172C352700113F50 /* Release */ = {
			isa = XCBuildConfiguration;
			buildSettings = {
				CODE_SIGN_IDENTITY = "iPhone Developer";
				GCC_PRECOMPILE_PREFIX_HEADER = YES;
				GCC_PREFIX_HEADER = "Realtid/Realtid-Prefix.pch";
				HEADER_SEARCH_PATHS = "$(SDKROOT)/usr/include/libxml2";
				INFOPLIST_FILE = "Realtid/Realtid-Info.plist";
				IPHONEOS_DEPLOYMENT_TARGET = 6.1;
				PRODUCT_NAME = "$(TARGET_NAME)";
				PROVISIONING_PROFILE = "";
				WRAPPER_EXTENSION = app;
			};
			name = Release;
		};
/* End XCBuildConfiguration section */

/* Begin XCConfigurationList section */
		4C37627F172C352700113F50 /* Build configuration list for PBXProject "Realtid" */ = {
			isa = XCConfigurationList;
			buildConfigurations = (
				4C3762A5172C352700113F50 /* Debug */,
				4C3762A6172C352700113F50 /* Release */,
			);
			defaultConfigurationIsVisible = 0;
			defaultConfigurationName = Release;
		};
		4C3762A7172C352700113F50 /* Build configuration list for PBXNativeTarget "Realtid" */ = {
			isa = XCConfigurationList;
			buildConfigurations = (
				4C3762A8172C352700113F50 /* Debug */,
				4C3762A9172C352700113F50 /* Release */,
			);
			defaultConfigurationIsVisible = 0;
			defaultConfigurationName = Release;
		};
/* End XCConfigurationList section */
	};
	rootObject = 4C37627C172C352700113F50 /* Project object */;
}
